
Microsoft Visual Studio Solution File, Format Version 12.00
# Visual Studio 15
VisualStudioVersion = 15.0.28010.2041
MinimumVisualStudioVersion = 10.0.40219.1
Project("{FAE04EC0-301F-11D3-BF4B-00C04F79EFBC}") = "FileRowCounter", "FileRowCounter\FileRowCounter.csproj", "{D40C59CC-11C1-46A1-80E1-C04597F97015}"
EndProject
Global
	GlobalSection(SolutionConfigurationPlatforms) = preSolution
		Debug|Any CPU = Debug|Any CPU
		Release|Any CPU = Release|Any CPU
	EndGlobalSection
	GlobalSection(ProjectConfigurationPlatforms) = postSolution
		{D40C59CC-11C1-46A1-80E1-C04597F97015}.Debug|Any CPU.ActiveCfg = Debug|Any CPU
		{D40C59CC-11C1-46A1-80E1-C04597F97015}.Debug|Any CPU.Build.0 = Debug|Any CPU
		{D40C59CC-11C1-46A1-80E1-C04597F97015}.Release|Any CPU.ActiveCfg = Release|Any CPU
		{D40C59CC-11C1-46A1-80E1-C04597F97015}.Release|Any CPU.Build.0 = Release|Any CPU
	EndGlobalSection
	GlobalSection(SolutionProperties) = preSolution
		HideSolutionNode = FALSE
	EndGlobalSection
	GlobalSection(ExtensibilityGlobals) = postSolution
		SolutionGuid = {19459EFD-3022-43CA-9386-74D4470D2F7C}
	EndGlobalSection
EndGlobal
